
Microsoft Visual Studio Solution File, Format Version 12.00
# Visual Studio Version 17
VisualStudioVersion = 17.8.34511.84
MinimumVisualStudioVersion = 10.0.40219.1
Project("{FAE04EC0-301F-11D3-BF4B-00C04F79EFBC}") = "IDBReader", "IDBReader\IDBReader.csproj", "{08DB5500-D3BD-4E65-862F-699B388A668E}"
EndProject
Global
	GlobalSection(SolutionConfigurationPlatforms) = preSolution
		Debug|Any CPU = Debug|Any CPU
		Release|Any CPU = Release|Any CPU
	EndGlobalSection
	GlobalSection(ProjectConfigurationPlatforms) = postSolution
		{08DB5500-D3BD-4E65-862F-699B388A668E}.Debug|Any CPU.ActiveCfg = Debug|Any CPU
		{08DB5500-D3BD-4E65-862F-699B388A668E}.Debug|Any CPU.Build.0 = Debug|Any CPU
		{08DB5500-D3BD-4E65-862F-699B388A668E}.Release|Any CPU.ActiveCfg = Release|Any CPU
		{08DB5500-D3BD-4E65-862F-699B388A668E}.Release|Any CPU.Build.0 = Release|Any CPU
	EndGlobalSection
	GlobalSection(SolutionProperties) = preSolution
		HideSolutionNode = FALSE
	EndGlobalSection
	GlobalSection(ExtensibilityGlobals) = postSolution
		SolutionGuid = {B6A8BC77-9197-48E8-BCD4-B74FB180A220}
	EndGlobalSection
EndGlobal
